{
  "pins" : [
    {
      "identity" : "alamofire",
      "kind" : "remoteSourceControl",
      "location" : "https://github.com/Alamofire/Alamofire",
      "state" : {
        "revision" : "d120af1e8638c7da36c8481fd61a66c0c08dc4fc",
        "version" : "5.4.4"
      }
    },
    {
      "identity" : "apple-fusion",
      "kind" : "remoteSourceControl",
      "location" : "https://github.com/ProtonMail/apple-fusion",
      "state" : {
        "revision" : "cd3db46940c5d64beb616f0a080ff65a920dd5fa",
        "version" : "2.0.1"
      }
    },
    {
      "identity" : "cryptoswift",
      "kind" : "remoteSourceControl",
      "location" : "https://github.com/krzyzanowskim/CryptoSwift",
      "state" : {
        "revision" : "db51c407d3be4a051484a141bf0bff36c43d3b1e",
        "version" : "1.8.0"
      }
    },
    {
      "identity" : "ellipticcurvekeypair",
      "kind" : "remoteSourceControl",
      "location" : "https://github.com/agens-no/EllipticCurveKeyPair",
      "state" : {
        "revision" : "944ae5c89ca045e9f1a113b736706c73fc51d1c2",
        "version" : "2.0.0"
      }
    },
    {
      "identity" : "lottie-ios",
      "kind" : "remoteSourceControl",
      "location" : "https://github.com/airbnb/lottie-ios",
      "state" : {
        "revision" : "45517c3cfec9469bbdd4f86e32393c28ae9df0bc",
        "version" : "4.3.3"
      }
    },
    {
      "identity" : "ohhttpstubs",
      "kind" : "remoteSourceControl",
      "location" : "https://github.com/AliSoftware/OHHTTPStubs",
      "state" : {
        "revision" : "12f19662426d0434d6c330c6974d53e2eb10ecd9",
        "version" : "9.1.0"
      }
    },
    {
      "identity" : "protoncore",
      "kind" : "remoteSourceControl",
      "location" : "https://gitlab.protontech.ch/apple/shared/protoncore",
      "state" : {
        "revision" : "f9b0db843e3e1ac487124653b69348b28b239991",
        "version" : "20.2.2"
      }
    },
    {
      "identity" : "reachability.swift",
      "kind" : "remoteSourceControl",
      "location" : "https://github.com/ashleymills/Reachability.swift",
      "state" : {
        "revision" : "c01bbdf2d633cf049ae1ed1a68a2020a8bda32e2",
        "version" : "5.1.0"
      }
    },
    {
      "identity" : "sdwebimage",
      "kind" : "remoteSourceControl",
      "location" : "https://github.com/SDWebImage/SDWebImage.git",
      "state" : {
        "revision" : "7f9fb5d43ecd4aa714c00746f54873f354403438",
        "version" : "5.15.8"
      }
    },
    {
      "identity" : "sentry-cocoa",
      "kind" : "remoteSourceControl",
      "location" : "https://github.com/getsentry/sentry-cocoa.git",
      "state" : {
        "revision" : "3b9a8e69ca296bd8cd0e317ad7a448e5daf4a342",
        "version" : "8.18.0"
      }
    },
    {
      "identity" : "swift-snapshot-testing",
      "kind" : "remoteSourceControl",
      "location" : "https://github.com/pointfreeco/swift-snapshot-testing",
      "state" : {
        "revision" : "59b663f68e69f27a87b45de48cb63264b8194605",
        "version" : "1.15.1"
      }
    },
    {
      "identity" : "swift-syntax",
      "kind" : "remoteSourceControl",
      "location" : "https://github.com/apple/swift-syntax.git",
      "state" : {
        "revision" : "6ad4ea24b01559dde0773e3d091f1b9e36175036",
        "version" : "509.0.2"
      }
    },
    {
      "identity" : "swiftotp",
      "kind" : "remoteSourceControl",
      "location" : "https://github.com/lachlanbell/SwiftOTP",
      "state" : {
        "revision" : "93d4942c90dd498580988ffb9971e2ddf91d5a28",
        "version" : "2.0.3"
      }
    },
    {
      "identity" : "trustkit",
      "kind" : "remoteSourceControl",
      "location" : "https://github.com/ProtonMail/TrustKit",
      "state" : {
        "revision" : "d107d7cc825f38ae2d6dc7c54af71d58145c3506",
        "version" : "1.0.3"
      }
    }
  ],
  "version" : 2
}
