PODS:
  - connectivity_plus (0.0.1):
    - Flutter
    - FlutterMacOS
  - device_info_plus (0.0.1):
    - Flutter
  - Flutter (1.0.0)
  - flutter_keyboard_visibility (0.0.1):
    - Flutter
  - flutter_local_notifications (0.0.1):
    - Flutter
  - flutter_secure_storage (6.0.0):
    - Flutter
  - fluttertoast (0.0.2):
    - Flutter
    - Toast
  - in_app_review (2.0.0):
    - Flutter
  - local_auth_darwin (0.0.1):
    - Flutter
    - FlutterMacOS
  - MTBBarcodeScanner (5.0.11)
  - no_screenshot (0.3.2-beta.1):
    - Flutter
    - ScreenProtectorKit (~> 1.3.1)
  - package_info_plus (0.4.5):
    - Flutter
  - path_provider_foundation (0.0.1):
    - Flutter
    - FlutterMacOS
  - permission_handler_apple (9.3.0):
    - Flutter
  - qr_code_scanner (0.2.0):
    - Flutter
    - MTBBarcodeScanner
  - Ramp (4.0.2)
  - ramp_flutter (1.0.1):
    - Flutter
    - Ramp
  - rust_builder (0.0.1):
    - Flutter
  - ScreenProtectorKit (1.3.1)
  - share_plus (0.0.1):
    - Flutter
  - shared_preferences_foundation (0.0.1):
    - Flutter
    - FlutterMacOS
  - sqflite (0.0.3):
    - Flutter
    - FlutterMacOS
  - "sqlite3 (3.46.0+1)":
    - "sqlite3/common (= 3.46.0+1)"
  - "sqlite3/common (3.46.0+1)"
  - "sqlite3/dbstatvtab (3.46.0+1)":
    - sqlite3/common
  - "sqlite3/fts5 (3.46.0+1)":
    - sqlite3/common
  - "sqlite3/perf-threadsafe (3.46.0+1)":
    - sqlite3/common
  - "sqlite3/rtree (3.46.0+1)":
    - sqlite3/common
  - sqlite3_flutter_libs (0.0.1):
    - Flutter
    - "sqlite3 (~> 3.46.0+1)"
    - sqlite3/dbstatvtab
    - sqlite3/fts5
    - sqlite3/perf-threadsafe
    - sqlite3/rtree
  - system_boot_time (0.0.1):
    - Flutter
  - Toast (4.1.1)
  - url_launcher_ios (0.0.1):
    - Flutter
  - webview_flutter_wkwebview (0.0.1):
    - Flutter

DEPENDENCIES:
  - connectivity_plus (from `.symlinks/plugins/connectivity_plus/darwin`)
  - device_info_plus (from `.symlinks/plugins/device_info_plus/ios`)
  - Flutter (from `Flutter`)
  - flutter_keyboard_visibility (from `.symlinks/plugins/flutter_keyboard_visibility/ios`)
  - flutter_local_notifications (from `.symlinks/plugins/flutter_local_notifications/ios`)
  - flutter_secure_storage (from `.symlinks/plugins/flutter_secure_storage/ios`)
  - fluttertoast (from `.symlinks/plugins/fluttertoast/ios`)
  - in_app_review (from `.symlinks/plugins/in_app_review/ios`)
  - local_auth_darwin (from `.symlinks/plugins/local_auth_darwin/darwin`)
  - no_screenshot (from `.symlinks/plugins/no_screenshot/ios`)
  - package_info_plus (from `.symlinks/plugins/package_info_plus/ios`)
  - path_provider_foundation (from `.symlinks/plugins/path_provider_foundation/darwin`)
  - permission_handler_apple (from `.symlinks/plugins/permission_handler_apple/ios`)
  - qr_code_scanner (from `.symlinks/plugins/qr_code_scanner/ios`)
  - Ramp (from `https://github.com/RampNetwork/ramp-sdk-ios`, tag `4.0.2`)
  - ramp_flutter (from `.symlinks/plugins/ramp_flutter/ios`)
  - rust_builder (from `.symlinks/plugins/rust_builder/ios`)
  - share_plus (from `.symlinks/plugins/share_plus/ios`)
  - shared_preferences_foundation (from `.symlinks/plugins/shared_preferences_foundation/darwin`)
  - sqflite (from `.symlinks/plugins/sqflite/darwin`)
  - sqlite3_flutter_libs (from `.symlinks/plugins/sqlite3_flutter_libs/ios`)
  - system_boot_time (from `.symlinks/plugins/system_boot_time/ios`)
  - url_launcher_ios (from `.symlinks/plugins/url_launcher_ios/ios`)
  - webview_flutter_wkwebview (from `.symlinks/plugins/webview_flutter_wkwebview/ios`)

SPEC REPOS:
  trunk:
    - MTBBarcodeScanner
    - ScreenProtectorKit
    - sqlite3
    - Toast

EXTERNAL SOURCES:
  connectivity_plus:
    :path: ".symlinks/plugins/connectivity_plus/darwin"
  device_info_plus:
    :path: ".symlinks/plugins/device_info_plus/ios"
  Flutter:
    :path: Flutter
  flutter_keyboard_visibility:
    :path: ".symlinks/plugins/flutter_keyboard_visibility/ios"
  flutter_local_notifications:
    :path: ".symlinks/plugins/flutter_local_notifications/ios"
  flutter_secure_storage:
    :path: ".symlinks/plugins/flutter_secure_storage/ios"
  fluttertoast:
    :path: ".symlinks/plugins/fluttertoast/ios"
  in_app_review:
    :path: ".symlinks/plugins/in_app_review/ios"
  local_auth_darwin:
    :path: ".symlinks/plugins/local_auth_darwin/darwin"
  no_screenshot:
    :path: ".symlinks/plugins/no_screenshot/ios"
  package_info_plus:
    :path: ".symlinks/plugins/package_info_plus/ios"
  path_provider_foundation:
    :path: ".symlinks/plugins/path_provider_foundation/darwin"
  permission_handler_apple:
    :path: ".symlinks/plugins/permission_handler_apple/ios"
  qr_code_scanner:
    :path: ".symlinks/plugins/qr_code_scanner/ios"
  Ramp:
    :git: https://github.com/RampNetwork/ramp-sdk-ios
    :tag: 4.0.2
  ramp_flutter:
    :path: ".symlinks/plugins/ramp_flutter/ios"
  rust_builder:
    :path: ".symlinks/plugins/rust_builder/ios"
  share_plus:
    :path: ".symlinks/plugins/share_plus/ios"
  shared_preferences_foundation:
    :path: ".symlinks/plugins/shared_preferences_foundation/darwin"
  sqflite:
    :path: ".symlinks/plugins/sqflite/darwin"
  sqlite3_flutter_libs:
    :path: ".symlinks/plugins/sqlite3_flutter_libs/ios"
  system_boot_time:
    :path: ".symlinks/plugins/system_boot_time/ios"
  url_launcher_ios:
    :path: ".symlinks/plugins/url_launcher_ios/ios"
  webview_flutter_wkwebview:
    :path: ".symlinks/plugins/webview_flutter_wkwebview/ios"

CHECKOUT OPTIONS:
  Ramp:
    :git: https://github.com/RampNetwork/ramp-sdk-ios
    :tag: 4.0.2

SPEC CHECKSUMS:
  connectivity_plus: 3f6c9057f4cd64198dc826edfb0542892f825343
  device_info_plus: 21fcca2080fbcd348be798aa36c3e5ed849eefbe
  Flutter: e0871f40cf51350855a761d2e70bf5af5b9b5de7
  flutter_keyboard_visibility: 4625131e43015dbbe759d9b20daaf77e0e3f6619
  flutter_local_notifications: 395056b3175ba4f08480a7c5de30cd36d69827e4
  flutter_secure_storage: 1ed9476fba7e7a782b22888f956cce43e2c62f13
  fluttertoast: 76fea30fcf04176325f6864c87306927bd7d2038
  in_app_review: 5596fe56fab799e8edb3561c03d053363ab13457
  local_auth_darwin: 553ce4f9b16d3fdfeafce9cf042e7c9f77c1c391
  MTBBarcodeScanner: f453b33c4b7dfe545d8c6484ed744d55671788cb
  no_screenshot: 7db61a27b3d64967745fa7a268f85a3314df5384
  package_info_plus: af8e2ca6888548050f16fa2f1938db7b5a5df499
  path_provider_foundation: 080d55be775b7414fd5a5ef3ac137b97b097e564
  permission_handler_apple: 4ed2196e43d0651e8ff7ca3483a069d469701f2d
  qr_code_scanner: d77f94ecc9abf96d9b9b8fc04ef13f611e5a147a
  Ramp: fb07b544581cc9ad0eb8b56b43c9d59ef6204ca2
  ramp_flutter: 68112b21b5f29537df8cb6b0d233053586e1cdda
  rust_builder: aa3db59f427a2b0b0a901e85c2759608e724fa6f
  ScreenProtectorKit: 83a6281b02c7a5902ee6eac4f5045f674e902ae4
  share_plus: 50da8cb520a8f0f65671c6c6a99b3617ed10a58a
  shared_preferences_foundation: 9e1978ff2562383bd5676f64ec4e9aa8fa06a6f7
  sqflite: c35dad70033b8862124f8337cc994a809fcd9fa3
  sqlite3: 292c3e1bfe89f64e51ea7fc7dab9182a017c8630
  sqlite3_flutter_libs: 9379996d65aa23dcda7585a5b58766cebe0aa042
  system_boot_time: c02e6f8a4243c5e47c82b6006f7f4bf15824c7cc
  Toast: 1f5ea13423a1e6674c4abdac5be53587ae481c4e
  url_launcher_ios: 694010445543906933d732453a59da0a173ae33d
  webview_flutter_wkwebview: 45a041c7831641076618876de3ba75c712860c6b

PODFILE CHECKSUM: 1b8ac9a6acb12f7c5807d406e032b8cce44f81b4

COCOAPODS: 1.16.2
